
Microsoft Visual Studio Solution File, Format Version 12.00
# Visual Studio 14
VisualStudioVersion = 14.0.23107.0
MinimumVisualStudioVersion = 10.0.40219.1
Project("{FAE04EC0-301F-11D3-BF4B-00C04F79EFBC}") = "ThorsThunderGym", "ThorsThunderGym\ThorsThunderGym.csproj", "{F0CFE9B2-FCAA-40E7-8094-6566C4CE5C23}"
EndProject
Global
	GlobalSection(SolutionConfigurationPlatforms) = preSolution
		Debug|Any CPU = Debug|Any CPU
		Release|Any CPU = Release|Any CPU
	EndGlobalSection
	GlobalSection(ProjectConfigurationPlatforms) = postSolution
		{F0CFE9B2-FCAA-40E7-8094-6566C4CE5C23}.Debug|Any CPU.ActiveCfg = Debug|Any CPU
		{F0CFE9B2-FCAA-40E7-8094-6566C4CE5C23}.Debug|Any CPU.Build.0 = Debug|Any CPU
		{F0CFE9B2-FCAA-40E7-8094-6566C4CE5C23}.Release|Any CPU.ActiveCfg = Release|Any CPU
		{F0CFE9B2-FCAA-40E7-8094-6566C4CE5C23}.Release|Any CPU.Build.0 = Release|Any CPU
	EndGlobalSection
	GlobalSection(SolutionProperties) = preSolution
		HideSolutionNode = FALSE
	EndGlobalSection
EndGlobal
